// !$*UTF8*$!
{
	archiveVersion = 1;
	classes = {
	};
	objectVersion = 52;
	objects = {

/* Begin PBXBuildFile section */
		E64C8C712750A8830026330C /* AppDelegate.swift in Sources */ = {isa = PBXBuildFile; fileRef = E64C8C702750A8830026330C /* AppDelegate.swift */; };
		E64C8C732750A8830026330C /* SceneDelegate.swift in Sources */ = {isa = PBXBuildFile; fileRef = E64C8C722750A8830026330C /* SceneDelegate.swift */; };
		E64C8C752750A8830026330C /* ViewController.swift in Sources */ = {isa = PBXBuildFile; fileRef = E64C8C742750A8830026330C /* ViewController.swift */; };
		E64C8C782750A8830026330C /* Main.storyboard in Resources */ = {isa = PBXBuildFile; fileRef = E64C8C762750A8830026330C /* Main.storyboard */; };
		E64C8C7A2750A8840026330C /* Assets.xcassets in Resources */ = {isa = PBXBuildFile; fileRef = E64C8C792750A8840026330C /* Assets.xcassets */; };
		E64C8C7D2750A8840026330C /* LaunchScreen.storyboard in Resources */ = {isa = PBXBuildFile; fileRef = E64C8C7B2750A8840026330C /* LaunchScreen.storyboard */; };
		E64C8C862750AC230026330C /* RxSwift in Frameworks */ = {isa = PBXBuildFile; productRef = E64C8C852750AC230026330C /* RxSwift */; };
		E64C8C882750AC230026330C /* RxCocoa in Frameworks */ = {isa = PBXBuildFile; productRef = E64C8C872750AC230026330C /* RxCocoa */; };
		E64C8C8A2750AC230026330C /* RxRelay in Frameworks */ = {isa = PBXBuildFile; productRef = E64C8C892750AC230026330C /* RxRelay */; };
/* End PBXBuildFile section */

/* Begin PBXFileReference section */
		E64C8C6D2750A8830026330C /* DailyNotes.app */ = {isa = PBXFileReference; explicitFileType = wrapper.application; includeInIndex = 0; path = DailyNotes.app; sourceTree = BUILT_PRODUCTS_DIR; };
		E64C8C702750A8830026330C /* AppDelegate.swift */ = {isa = PBXFileReference; lastKnownFileType = sourcecode.swift; path = AppDelegate.swift; sourceTree = "<group>"; };
		E64C8C722750A8830026330C /* SceneDelegate.swift */ = {isa = PBXFileReference; lastKnownFileType = sourcecode.swift; path = SceneDelegate.swift; sourceTree = "<group>"; };
		E64C8C742750A8830026330C /* ViewController.swift */ = {isa = PBXFileReference; lastKnownFileType = sourcecode.swift; path = ViewController.swift; sourceTree = "<group>"; };
		E64C8C772750A8830026330C /* Base */ = {isa = PBXFileReference; lastKnownFileType = file.storyboard; name = Base; path = Base.lproj/Main.storyboard; sourceTree = "<group>"; };
		E64C8C792750A8840026330C /* Assets.xcassets */ = {isa = PBXFileReference; lastKnownFileType = folder.assetcatalog; path = Assets.xcassets; sourceTree = "<group>"; };
		E64C8C7C2750A8840026330C /* Base */ = {isa = PBXFileReference; lastKnownFileType = file.storyboard; name = Base; path = Base.lproj/LaunchScreen.storyboard; sourceTree = "<group>"; };
		E64C8C7E2750A8840026330C /* Info.plist */ = {isa = PBXFileReference; lastKnownFileType = text.plist.xml; path = Info.plist; sourceTree = "<group>"; };
/* End PBXFileReference section */

/* Begin PBXFrameworksBuildPhase section */
		E64C8C6A2750A8830026330C /* Frameworks */ = {
			isa = PBXFrameworksBuildPhase;
			buildActionMask = 2147483647;
			files = (
				E64C8C8A2750AC230026330C /* RxRelay in Frameworks */,
				E64C8C882750AC230026330C /* RxCocoa in Frameworks */,
				E64C8C862750AC230026330C /* RxSwift in Frameworks */,
			);
			runOnlyForDeploymentPostprocessing = 0;
		};
/* End PBXFrameworksBuildPhase section */

/* Begin PBXGroup section */
		E64C8C642750A8830026330C = {
			isa = PBXGroup;
			children = (
				E64C8C6F2750A8830026330C /* DailyNotes */,
				E64C8C6E2750A8830026330C /* Products */,
			);
			sourceTree = "<group>";
		};
		E64C8C6E2750A8830026330C /* Products */ = {
			isa = PBXGroup;
			children = (
				E64C8C6D2750A8830026330C /* DailyNotes.app */,
			);
			name = Products;
			sourceTree = "<group>";
		};
		E64C8C6F2750A8830026330C /* DailyNotes */ = {
			isa = PBXGroup;
			children = (
				E64C8C702750A8830026330C /* AppDelegate.swift */,
				E64C8C722750A8830026330C /* SceneDelegate.swift */,
				E64C8C742750A8830026330C /* ViewController.swift */,
				E64C8C762750A8830026330C /* Main.storyboard */,
				E64C8C792750A8840026330C /* Assets.xcassets */,
				E64C8C7B2750A8840026330C /* LaunchScreen.storyboard */,
				E64C8C7E2750A8840026330C /* Info.plist */,
			);
			path = DailyNotes;
			sourceTree = "<group>";
		};
/* End PBXGroup section */

/* Begin PBXNativeTarget section */
		E64C8C6C2750A8830026330C /* DailyNotes */ = {
			isa = PBXNativeTarget;
			buildConfigurationList = E64C8C812750A8840026330C /* Build configuration list for PBXNativeTarget "DailyNotes" */;
			buildPhases = (
				E64C8C692750A8830026330C /* Sources */,
				E64C8C6A2750A8830026330C /* Frameworks */,
				E64C8C6B2750A8830026330C /* Resources */,
			);
			buildRules = (
			);
			dependencies = (
			);
			name = DailyNotes;
			packageProductDependencies = (
				E64C8C852750AC230026330C /* RxSwift */,
				E64C8C872750AC230026330C /* RxCocoa */,
				E64C8C892750AC230026330C /* RxRelay */,
			);
			productName = DailyNotes;
			productReference = E64C8C6D2750A8830026330C /* DailyNotes.app */;
			productType = "com.apple.product-type.application";
		};
/* End PBXNativeTarget section */

/* Begin PBXProject section */
		E64C8C652750A8830026330C /* Project object */ = {
			isa = PBXProject;
			attributes = {
				LastSwiftUpdateCheck = 1250;
				LastUpgradeCheck = 1250;
				TargetAttributes = {
					E64C8C6C2750A8830026330C = {
						CreatedOnToolsVersion = 12.5.1;
					};
				};
			};
			buildConfigurationList = E64C8C682750A8830026330C /* Build configuration list for PBXProject "DailyNotes" */;
			compatibilityVersion = "Xcode 9.3";
			developmentRegion = en;
			hasScannedForEncodings = 0;
			knownRegions = (
				en,
				Base,
			);
			mainGroup = E64C8C642750A8830026330C;
			packageReferences = (
				E64C8C842750AC230026330C /* XCRemoteSwiftPackageReference "RxSwift" */,
			);
			productRefGroup = E64C8C6E2750A8830026330C /* Products */;
			projectDirPath = "";
			projectRoot = "";
			targets = (
				E64C8C6C2750A8830026330C /* DailyNotes */,
			);
		};
/* End PBXProject section */

/* Begin PBXResourcesBuildPhase section */
		E64C8C6B2750A8830026330C /* Resources */ = {
			isa = PBXResourcesBuildPhase;
			buildActionMask = 2147483647;
			files = (
				E64C8C7D2750A8840026330C /* LaunchScreen.storyboard in Resources */,
				E64C8C7A2750A8840026330C /* Assets.xcassets in Resources */,
				E64C8C782750A8830026330C /* Main.storyboard in Resources */,
			);
			runOnlyForDeploymentPostprocessing = 0;
		};
/* End PBXResourcesBuildPhase section */

/* Begin PBXSourcesBuildPhase section */
		E64C8C692750A8830026330C /* Sources */ = {
			isa = PBXSourcesBuildPhase;
			buildActionMask = 2147483647;
			files = (
				E64C8C752750A8830026330C /* ViewController.swift in Sources */,
				E64C8C712750A8830026330C /* AppDelegate.swift in Sources */,
				E64C8C732750A8830026330C /* SceneDelegate.swift in Sources */,
			);
			runOnlyForDeploymentPostprocessing = 0;
		};
/* End PBXSourcesBuildPhase section */

/* Begin PBXVariantGroup section */
		E64C8C762750A8830026330C /* Main.storyboard */ = {
			isa = PBXVariantGroup;
			children = (
				E64C8C772750A8830026330C /* Base */,
			);
			name = Main.storyboard;
			sourceTree = "<group>";
		};
		E64C8C7B2750A8840026330C /* LaunchScreen.storyboard */ = {
			isa = PBXVariantGroup;
			children = (
				E64C8C7C2750A8840026330C /* Base */,
			);
			name = LaunchScreen.storyboard;
			sourceTree = "<group>";
		};
/* End PBXVariantGroup section */

/* Begin XCBuildConfiguration section */
		E64C8C7F2750A8840026330C /* Debug */ = {
			isa = XCBuildConfiguration;
			buildSettings = {
				ALWAYS_SEARCH_USER_PATHS = NO;
				CLANG_ANALYZER_NONNULL = YES;
				CLANG_ANALYZER_NUMBER_OBJECT_CONVERSION = YES_AGGRESSIVE;
				CLANG_CXX_LANGUAGE_STANDARD = "gnu++14";
				CLANG_CXX_LIBRARY = "libc++";
				CLANG_ENABLE_MODULES = YES;
				CLANG_ENABLE_OBJC_ARC = YES;
				CLANG_ENABLE_OBJC_WEAK = YES;
				CLANG_WARN_BLOCK_CAPTURE_AUTORELEASING = YES;
				CLANG_WARN_BOOL_CONVERSION = YES;
				CLANG_WARN_COMMA = YES;
				CLANG_WARN_CONSTANT_CONVERSION = YES;
				CLANG_WARN_DEPRECATED_OBJC_IMPLEMENTATIONS = YES;
				CLANG_WARN_DIRECT_OBJC_ISA_USAGE = YES_ERROR;
				CLANG_WARN_DOCUMENTATION_COMMENTS = YES;
				CLANG_WARN_EMPTY_BODY = YES;
				CLANG_WARN_ENUM_CONVERSION = YES;
				CLANG_WARN_INFINITE_RECURSION = YES;
				CLANG_WARN_INT_CONVERSION = YES;
				CLANG_WARN_NON_LITERAL_NULL_CONVERSION = YES;
				CLANG_WARN_OBJC_IMPLICIT_RETAIN_SELF = YES;
				CLANG_WARN_OBJC_LITERAL_CONVERSION = YES;
				CLANG_WARN_OBJC_ROOT_CLASS = YES_ERROR;
				CLANG_WARN_QUOTED_INCLUDE_IN_FRAMEWORK_HEADER = YES;
				CLANG_WARN_RANGE_LOOP_ANALYSIS = YES;
				CLANG_WARN_STRICT_PROTOTYPES = YES;
				CLANG_WARN_SUSPICIOUS_MOVE = YES;
				CLANG_WARN_UNGUARDED_AVAILABILITY = YES_AGGRESSIVE;
				CLANG_WARN_UNREACHABLE_CODE = YES;
				CLANG_WARN__DUPLICATE_METHOD_MATCH = YES;
				COPY_PHASE_STRIP = NO;
				DEBUG_INFORMATION_FORMAT = dwarf;
				ENABLE_STRICT_OBJC_MSGSEND = YES;
				ENABLE_TESTABILITY = YES;
				GCC_C_LANGUAGE_STANDARD = gnu11;
				GCC_DYNAMIC_NO_PIC = NO;
				GCC_NO_COMMON_BLOCKS = YES;
				GCC_OPTIMIZATION_LEVEL = 0;
				GCC_PREPROCESSOR_DEFINITIONS = (
					"DEBUG=1",
					"$(inherited)",
				);
				GCC_WARN_64_TO_32_BIT_CONVERSION = YES;
				GCC_WARN_ABOUT_RETURN_TYPE = YES_ERROR;
				GCC_WARN_UNDECLARED_SELECTOR = YES;
				GCC_WARN_UNINITIALIZED_AUTOS = YES_AGGRESSIVE;
				GCC_WARN_UNUSED_FUNCTION = YES;
				GCC_WARN_UNUSED_VARIABLE = YES;
				IPHONEOS_DEPLOYMENT_TARGET = 14.5;
				MTL_ENABLE_DEBUG_INFO = INCLUDE_SOURCE;
				MTL_FAST_MATH = YES;
				ONLY_ACTIVE_ARCH = YES;
				SDKROOT = iphoneos;
				SWIFT_ACTIVE_COMPILATION_CONDITIONS = DEBUG;
				SWIFT_OPTIMIZATION_LEVEL = "-Onone";
			};
			name = Debug;
		};
		E64C8C802750A8840026330C /* Release */ = {
			isa = XCBuildConfiguration;
			buildSettings = {
				ALWAYS_SEARCH_USER_PATHS = NO;
				CLANG_ANALYZER_NONNULL = YES;
				CLANG_ANALYZER_NUMBER_OBJECT_CONVERSION = YES_AGGRESSIVE;
				CLANG_CXX_LANGUAGE_STANDARD = "gnu++14";
				CLANG_CXX_LIBRARY = "libc++";
				CLANG_ENABLE_MODULES = YES;
				CLANG_ENABLE_OBJC_ARC = YES;
				CLANG_ENABLE_OBJC_WEAK = YES;
				CLANG_WARN_BLOCK_CAPTURE_AUTORELEASING = YES;
				CLANG_WARN_BOOL_CONVERSION = YES;
				CLANG_WARN_COMMA = YES;
				CLANG_WARN_CONSTANT_CONVERSION = YES;
				CLANG_WARN_DEPRECATED_OBJC_IMPLEMENTATIONS = YES;
				CLANG_WARN_DIRECT_OBJC_ISA_USAGE = YES_ERROR;
				CLANG_WARN_DOCUMENTATION_COMMENTS = YES;
				CLANG_WARN_EMPTY_BODY = YES;
				CLANG_WARN_ENUM_CONVERSION = YES;
				CLANG_WARN_INFINITE_RECURSION = YES;
				CLANG_WARN_INT_CONVERSION = YES;
				CLANG_WARN_NON_LITERAL_NULL_CONVERSION = YES;
				CLANG_WARN_OBJC_IMPLICIT_RETAIN_SELF = YES;
				CLANG_WARN_OBJC_LITERAL_CONVERSION = YES;
				CLANG_WARN_OBJC_ROOT_CLASS = YES_ERROR;
				CLANG_WARN_QUOTED_INCLUDE_IN_FRAMEWORK_HEADER = YES;
				CLANG_WARN_RANGE_LOOP_ANALYSIS = YES;
				CLANG_WARN_STRICT_PROTOTYPES = YES;
				CLANG_WARN_SUSPICIOUS_MOVE = YES;
				CLANG_WARN_UNGUARDED_AVAILABILITY = YES_AGGRESSIVE;
				CLANG_WARN_UNREACHABLE_CODE = YES;
				CLANG_WARN__DUPLICATE_METHOD_MATCH = YES;
				COPY_PHASE_STRIP = NO;
				DEBUG_INFORMATION_FORMAT = "dwarf-with-dsym";
				ENABLE_NS_ASSERTIONS = NO;
				ENABLE_STRICT_OBJC_MSGSEND = YES;
				GCC_C_LANGUAGE_STANDARD = gnu11;
				GCC_NO_COMMON_BLOCKS = YES;
				GCC_WARN_64_TO_32_BIT_CONVERSION = YES;
				GCC_WARN_ABOUT_RETURN_TYPE = YES_ERROR;
				GCC_WARN_UNDECLARED_SELECTOR = YES;
				GCC_WARN_UNINITIALIZED_AUTOS = YES_AGGRESSIVE;
				GCC_WARN_UNUSED_FUNCTION = YES;
				GCC_WARN_UNUSED_VARIABLE = YES;
				IPHONEOS_DEPLOYMENT_TARGET = 14.5;
				MTL_ENABLE_DEBUG_INFO = NO;
				MTL_FAST_MATH = YES;
				SDKROOT = iphoneos;
				SWIFT_COMPILATION_MODE = wholemodule;
				SWIFT_OPTIMIZATION_LEVEL = "-O";
				VALIDATE_PRODUCT = YES;
			};
			name = Release;
		};
		E64C8C822750A8840026330C /* Debug */ = {
			isa = XCBuildConfiguration;
			buildSettings = {
				ASSETCATALOG_COMPILER_APPICON_NAME = AppIcon;
				ASSETCATALOG_COMPILER_GLOBAL_ACCENT_COLOR_NAME = AccentColor;
				CODE_SIGN_STYLE = Automatic;
				DEVELOPMENT_TEAM = R779FB365K;
				INFOPLIST_FILE = DailyNotes/Info.plist;
				LD_RUNPATH_SEARCH_PATHS = (
					"$(inherited)",
					"@executable_path/Frameworks",
				);
				PRODUCT_BUNDLE_IDENTIFIER = BuildTest.DailyNotes;
				PRODUCT_NAME = "$(TARGET_NAME)";
				SWIFT_VERSION = 5.0;
				TARGETED_DEVICE_FAMILY = "1,2";
			};
			name = Debug;
		};
		E64C8C832750A8840026330C /* Release */ = {
			isa = XCBuildConfiguration;
			buildSettings = {
				ASSETCATALOG_COMPILER_APPICON_NAME = AppIcon;
				ASSETCATALOG_COMPILER_GLOBAL_ACCENT_COLOR_NAME = AccentColor;
				CODE_SIGN_STYLE = Automatic;
				DEVELOPMENT_TEAM = R779FB365K;
				INFOPLIST_FILE = DailyNotes/Info.plist;
				LD_RUNPATH_SEARCH_PATHS = (
					"$(inherited)",
					"@executable_path/Frameworks",
				);
				PRODUCT_BUNDLE_IDENTIFIER = BuildTest.DailyNotes;
				PRODUCT_NAME = "$(TARGET_NAME)";
				SWIFT_VERSION = 5.0;
				TARGETED_DEVICE_FAMILY = "1,2";
			};
			name = Release;
		};
/* End XCBuildConfiguration section */

/* Begin XCConfigurationList section */
		E64C8C682750A8830026330C /* Build configuration list for PBXProject "DailyNotes" */ = {
			isa = XCConfigurationList;
			buildConfigurations = (
				E64C8C7F2750A8840026330C /* Debug */,
				E64C8C802750A8840026330C /* Release */,
			);
			defaultConfigurationIsVisible = 0;
			defaultConfigurationName = Release;
		};
		E64C8C812750A8840026330C /* Build configuration list for PBXNativeTarget "DailyNotes" */ = {
			isa = XCConfigurationList;
			buildConfigurations = (
				E64C8C822750A8840026330C /* Debug */,
				E64C8C832750A8840026330C /* Release */,
			);
			defaultConfigurationIsVisible = 0;
			defaultConfigurationName = Release;
		};
/* End XCConfigurationList section */

/* Begin XCRemoteSwiftPackageReference section */
		E64C8C842750AC230026330C /* XCRemoteSwiftPackageReference "RxSwift" */ = {
			isa = XCRemoteSwiftPackageReference;
			repositoryURL = "https://github.com/ReactiveX/RxSwift.git";
			requirement = {
				kind = upToNextMajorVersion;
				minimumVersion = 6.2.0;
			};
		};
/* End XCRemoteSwiftPackageReference section */

/* Begin XCSwiftPackageProductDependency section */
		E64C8C852750AC230026330C /* RxSwift */ = {
			isa = XCSwiftPackageProductDependency;
			package = E64C8C842750AC230026330C /* XCRemoteSwiftPackageReference "RxSwift" */;
			productName = RxSwift;
		};
		E64C8C872750AC230026330C /* RxCocoa */ = {
			isa = XCSwiftPackageProductDependency;
			package = E64C8C842750AC230026330C /* XCRemoteSwiftPackageReference "RxSwift" */;
			productName = RxCocoa;
		};
		E64C8C892750AC230026330C /* RxRelay */ = {
			isa = XCSwiftPackageProductDependency;
			package = E64C8C842750AC230026330C /* XCRemoteSwiftPackageReference "RxSwift" */;
			productName = RxRelay;
		};
/* End XCSwiftPackageProductDependency section */
	};
	rootObject = E64C8C652750A8830026330C /* Project object */;
}
